
Microsoft Visual Studio Solution File, Format Version 12.00
# Visual Studio Version 17
VisualStudioVersion = 17.10.34928.147
MinimumVisualStudioVersion = 10.0.40219.1
Project("{FAE04EC0-301F-11D3-BF4B-00C04F79EFBC}") = "MauiApp12", "MauiApp12\MauiApp12.csproj", "{F51C9C3E-0D16-42CC-8A1E-0F7E2F434692}"
EndProject
Global
	GlobalSection(SolutionConfigurationPlatforms) = preSolution
		Debug|Any CPU = Debug|Any CPU
		Release|Any CPU = Release|Any CPU
	EndGlobalSection
	GlobalSection(ProjectConfigurationPlatforms) = postSolution
		{F51C9C3E-0D16-42CC-8A1E-0F7E2F434692}.Debug|Any CPU.ActiveCfg = Debug|Any CPU
		{F51C9C3E-0D16-42CC-8A1E-0F7E2F434692}.Debug|Any CPU.Build.0 = Debug|Any CPU
		{F51C9C3E-0D16-42CC-8A1E-0F7E2F434692}.Debug|Any CPU.Deploy.0 = Debug|Any CPU
		{F51C9C3E-0D16-42CC-8A1E-0F7E2F434692}.Release|Any CPU.ActiveCfg = Release|Any CPU
		{F51C9C3E-0D16-42CC-8A1E-0F7E2F434692}.Release|Any CPU.Build.0 = Release|Any CPU
		{F51C9C3E-0D16-42CC-8A1E-0F7E2F434692}.Release|Any CPU.Deploy.0 = Release|Any CPU
	EndGlobalSection
	GlobalSection(SolutionProperties) = preSolution
		HideSolutionNode = FALSE
	EndGlobalSection
	GlobalSection(ExtensibilityGlobals) = postSolution
		SolutionGuid = {AC96F4DE-7D93-4E76-821D-DAC60A1CAF6A}
	EndGlobalSection
EndGlobal
